{
  "name": "next-amplified-descope",
  "version": "0.1.0",
  "lockfileVersion": 3,
  "requires": true,
  "packages": {
    "": {
      "name": "next-amplified-descope",
      "version": "0.1.0",
      "dependencies": {
        "@descope/react-sdk": "^2.0.5",
        "next": "14.2.32",
        "react": "^18",
        "react-dom": "^18"
      },
      "devDependencies": {
        "@types/node": "^20",
        "@types/react": "^18",
        "@types/react-dom": "^18",
        "typescript": "^5"
      }
    },
    "node_modules/@descope/access-key-management-widget": {
      "version": "0.5.8",
      "resolved": "https://registry.npmjs.org/@descope/access-key-management-widget/-/access-key-management-widget-0.5.8.tgz",
      "integrity": "sha512-sAgihYScVPqNxPPwIAQjFB01COTLMetrcogzAUda/j0zaLHPEkziHVLd9De7GFBo7IXVKjJzyPQa2VZxlCj0hA==",
      "license": "MIT",
      "dependencies": {
        "@descope/sdk-component-drivers": "0.6.0",
        "@descope/sdk-helpers": "0.4.0",
        "@descope/sdk-mixins": "0.13.10",
        "@descope/web-js-sdk": "1.35.1",
        "@reduxjs/toolkit": "^2.0.1",
        "immer": "^10.0.3",
        "redux": "5.0.1",
        "redux-thunk": "3.1.0",
        "reselect": "5.1.1",
        "tslib": "2.8.1"
      }
    },
    "node_modules/@descope/applications-portal-widget": {
      "version": "0.4.8",
      "resolved": "https://registry.npmjs.org/@descope/applications-portal-widget/-/applications-portal-widget-0.4.8.tgz",
      "integrity": "sha512-B0pDaNAQSoqK7fSWLTOAthSKIEUrqPxNzC6HeUXAfxMwKVz5X01gbcNuHyfZuL3ZbiFiLOfIWCglBoOkcRDvMg==",
      "license": "MIT",
      "dependencies": {
        "@descope/sdk-component-drivers": "0.6.0",
        "@descope/sdk-helpers": "0.4.0",
        "@descope/sdk-mixins": "0.13.10",
        "@descope/web-js-sdk": "1.35.1",
        "@reduxjs/toolkit": "^2.0.1",
        "immer": "^10.0.3",
        "redux": "5.0.1",
        "redux-thunk": "3.1.0",
        "reselect": "5.1.1",
        "tslib": "2.8.1"
      }
    },
    "node_modules/@descope/audit-management-widget": {
      "version": "0.5.8",
      "resolved": "https://registry.npmjs.org/@descope/audit-management-widget/-/audit-management-widget-0.5.8.tgz",
      "integrity": "sha512-Y82FD2P82TEOoxI+2wLd5FTFvek4hDjwKZmWHPvoajyQa4j0VqiMZ9pCxGzNKod7pCTMz6QONSTV+IST/wPsag==",
      "license": "MIT",
      "dependencies": {
        "@descope/sdk-component-drivers": "0.6.0",
        "@descope/sdk-helpers": "0.4.0",
        "@descope/sdk-mixins": "0.13.10",
        "@descope/web-js-sdk": "1.35.1",
        "@reduxjs/toolkit": "^2.0.1",
        "immer": "^10.0.3",
        "redux": "5.0.1",
        "redux-thunk": "3.1.0",
        "reselect": "5.1.1",
        "tslib": "2.8.1"
      }
    },
    "node_modules/@descope/core-js-sdk": {
      "version": "2.49.0",
      "resolved": "https://registry.npmjs.org/@descope/core-js-sdk/-/core-js-sdk-2.49.0.tgz",
      "integrity": "sha512-gnh6msF9miDdiKcYaiVFJOmuaMFB0LMWOZPxBH2lu1V9zT2Kdkaz62iufR17d+77quEo8QelxFDZ5vacD9GJJQ==",
      "license": "MIT",
      "dependencies": {
        "jwt-decode": "4.0.0"
      }
    },
    "node_modules/@descope/escape-markdown": {
      "version": "0.1.5",
      "resolved": "https://registry.npmjs.org/@descope/escape-markdown/-/escape-markdown-0.1.5.tgz",
      "integrity": "sha512-TbYhdQCdJoySICCASVuWed8ciQcHt5/zMJc9ar8qvyV0bY9IJ8SKTw+6j9mg0xhnwG9bSivDW2hvqJk45hhxUQ==",
      "license": "MIT"
    },
    "node_modules/@descope/react-sdk": {
      "version": "2.19.1",
      "resolved": "https://registry.npmjs.org/@descope/react-sdk/-/react-sdk-2.19.1.tgz",
      "integrity": "sha512-BhTHiGaMzNA2HMNFJuiO4csz7++PlBnbrLk92ZezKOF+JZCLUgZUcTl0NRFIO3/9l/RPSmhYMP1hdEwPwNKFVQ==",
      "license": "MIT",
      "dependencies": {
        "@descope/access-key-management-widget": "0.5.8",
        "@descope/applications-portal-widget": "0.4.8",
        "@descope/audit-management-widget": "0.5.8",
        "@descope/core-js-sdk": "2.49.0",
        "@descope/role-management-widget": "0.5.0",
        "@descope/sdk-helpers": "0.4.0",
        "@descope/tenant-profile-widget": "0.2.10",
        "@descope/user-management-widget": "0.9.5",
        "@descope/user-profile-widget": "0.6.13",
        "@descope/web-component": "3.47.0",
        "@descope/web-js-sdk": "1.35.1"
      },
      "peerDependencies": {
        "@types/react": ">=16",
        "react": ">=16"
      }
    },
    "node_modules/@descope/role-management-widget": {
      "version": "0.5.0",
      "resolved": "https://registry.npmjs.org/@descope/role-management-widget/-/role-management-widget-0.5.0.tgz",
      "integrity": "sha512-refthanuxeuVcLwLvr93yNZL2xvnNE/KYgN/uv/7vnaoJ7scwBTOXBit08DHpKdCI94qyCw8wN6I1YIPpZRMmg==",
      "license": "MIT",
      "dependencies": {
        "@descope/sdk-component-drivers": "0.6.0",
        "@descope/sdk-helpers": "0.4.0",
        "@descope/sdk-mixins": "0.13.10",
        "@descope/web-js-sdk": "1.35.1",
        "@reduxjs/toolkit": "^2.0.1",
        "immer": "^10.0.3",
        "redux": "5.0.1",
        "redux-thunk": "3.1.0",
        "reselect": "5.1.1",
        "tslib": "2.8.1"
      }
    },
    "node_modules/@descope/sdk-component-drivers": {
      "version": "0.6.0",
      "resolved": "https://registry.npmjs.org/@descope/sdk-component-drivers/-/sdk-component-drivers-0.6.0.tgz",
      "integrity": "sha512-Z5+K5eaf1SZ30a0P/aqyaHfAqQvu9HlLNl74Z/lN4qqSdNGXv0Iy86pG4re/IKjkcJSEx8h+WMLdVTDiVOWImg==",
      "license": "MIT",
      "dependencies": {
        "@descope/sdk-helpers": "0.4.0",
        "tslib": "2.8.1"
      }
    },
    "node_modules/@descope/sdk-helpers": {
      "version": "0.4.0",
      "resolved": "https://registry.npmjs.org/@descope/sdk-helpers/-/sdk-helpers-0.4.0.tgz",
      "integrity": "sha512-GBsZu61jg4Ozno2bQSFPXJwiAzpTC/MEi8u/0Poi2kKDIHi/aTF70Ppx9f2N2vrgjinK52p0GgMO0Mhsohd1Wg==",
      "license": "MIT",
      "dependencies": {
        "tslib": "2.8.1"
      }
    },
    "node_modules/@descope/sdk-mixins": {
      "version": "0.13.10",
      "resolved": "https://registry.npmjs.org/@descope/sdk-mixins/-/sdk-mixins-0.13.10.tgz",
      "integrity": "sha512-uQ1jFfFQJbZ8rZjDXhGoEggjOMtC2DkHHa+qIxC1w34vSxiQj24iBwnyqkpUzha9Y0bKu8+zDSXGOJob47XZFA==",
      "license": "MIT",
      "dependencies": {
        "@descope/sdk-component-drivers": "0.6.0",
        "@descope/sdk-helpers": "0.4.0",
        "tslib": "2.8.1"
      },
      "peerDependencies": {
        "@reduxjs/toolkit": "^2.0.1",
        "immer": "^10.0.3",
        "redux": "5.0.1",
        "redux-thunk": "3.1.0"
      }
    },
    "node_modules/@descope/tenant-profile-widget": {
      "version": "0.2.10",
      "resolved": "https://registry.npmjs.org/@descope/tenant-profile-widget/-/tenant-profile-widget-0.2.10.tgz",
      "integrity": "sha512-FJmnRfDMwWZuVdreP+R1y7wNazQmUpavE8XMtTNQofFUgqk9xh07OAEu/xdaLi4sN+CRSoa73aDsAQMYRIWfcQ==",
      "license": "MIT",
      "dependencies": {
        "@descope/sdk-component-drivers": "0.6.0",
        "@descope/sdk-helpers": "0.4.0",
        "@descope/sdk-mixins": "0.13.10",
        "@descope/web-component": "3.47.0",
        "@descope/web-js-sdk": "1.35.1",
        "@reduxjs/toolkit": "^2.0.1",
        "immer": "^10.0.3",
        "redux": "5.0.1",
        "redux-thunk": "3.1.0",
        "reselect": "5.1.1",
        "tslib": "2.8.1"
      },
      "optionalDependencies": {
        "@descope/core-js-sdk": "2.49.0"
      }
    },
    "node_modules/@descope/user-management-widget": {
      "version": "0.9.5",
      "resolved": "https://registry.npmjs.org/@descope/user-management-widget/-/user-management-widget-0.9.5.tgz",
      "integrity": "sha512-/xa3Zsq4IfGIZMsxqDwwVtcVUxMb1hTQ0xbms1Mz0Kr7sN90IDp2d5f3DZMOW0zAshJ4CUFAZk2RMRL7eniwUA==",
      "license": "MIT",
      "dependencies": {
        "@descope/sdk-component-drivers": "0.6.0",
        "@descope/sdk-helpers": "0.4.0",
        "@descope/sdk-mixins": "0.13.10",
        "@descope/web-component": "3.47.0",
        "@descope/web-js-sdk": "1.35.1",
        "@reduxjs/toolkit": "^2.0.1",
        "immer": "^10.0.3",
        "libphonenumber-js": "1.11.17",
        "redux": "5.0.1",
        "redux-thunk": "3.1.0",
        "reselect": "5.1.1",
        "tslib": "2.8.1"
      }
    },
    "node_modules/@descope/user-profile-widget": {
      "version": "0.6.13",
      "resolved": "https://registry.npmjs.org/@descope/user-profile-widget/-/user-profile-widget-0.6.13.tgz",
      "integrity": "sha512-IAudLBsGMkKYsYSRvT8MjLpYIN2N3oLVFK0ZdY0LrkWwFu99arCXpseATy6r5472HhcBcgsi1bZgFJnEfx+iQg==",
      "license": "MIT",
      "dependencies": {
        "@descope/sdk-component-drivers": "0.6.0",
        "@descope/sdk-helpers": "0.4.0",
        "@descope/sdk-mixins": "0.13.10",
        "@descope/web-component": "3.47.0",
        "@descope/web-js-sdk": "1.35.1",
        "@reduxjs/toolkit": "^2.0.1",
        "immer": "^10.0.3",
        "redux": "5.0.1",
        "redux-thunk": "3.1.0",
        "reselect": "5.1.1",
        "tslib": "2.8.1"
      },
      "optionalDependencies": {
        "@descope/core-js-sdk": "2.49.0"
      }
    },
    "node_modules/@descope/web-component": {
      "version": "3.47.0",
      "resolved": "https://registry.npmjs.org/@descope/web-component/-/web-component-3.47.0.tgz",
      "integrity": "sha512-c8/UT9OWny1Kdg9ufRGhDxQo1fYcCLVNc+qbeWvQ7CaLWjxYQC+okHzlbXiLn690IcFVYdZ2Ahf8dTKa1TCvDg==",
      "license": "MIT",
      "dependencies": {
        "@descope/escape-markdown": "0.1.5",
        "@descope/sdk-helpers": "0.4.0",
        "@descope/sdk-mixins": "0.13.10",
        "@descope/web-js-sdk": "1.35.1",
        "@fingerprintjs/fingerprintjs-pro": "3.11.6",
        "tslib": "2.8.1"
      }
    },
    "node_modules/@descope/web-js-sdk": {
      "version": "1.35.1",
      "resolved": "https://registry.npmjs.org/@descope/web-js-sdk/-/web-js-sdk-1.35.1.tgz",
      "integrity": "sha512-IxRJYwqPwlMJ3ZY0EpPRtHZGDdqC4C7Rcleump6/B3w+oh/za6z0GFXL72EOi7Clint4wsqQxe3Syae1RajOww==",
      "license": "MIT",
      "dependencies": {
        "@descope/core-js-sdk": "2.49.0",
        "@fingerprintjs/fingerprintjs-pro": "3.11.6",
        "js-cookie": "3.0.5",
        "jwt-decode": "4.0.0",
        "tslib": "2.8.1"
      }
    },
    "node_modules/@fingerprintjs/fingerprintjs-pro": {
      "version": "3.11.6",
      "resolved": "https://registry.npmjs.org/@fingerprintjs/fingerprintjs-pro/-/fingerprintjs-pro-3.11.6.tgz",
      "integrity": "sha512-ohN4lorSzV0fzs8fELWuO3bvMMfzF5qyQSOWBvqwGaq6yPP+XSRJOeFdFFiwAqFWYJDEoDOlQluGfa0Rfk7mAQ==",
      "license": "SEE LICENSE IN LICENSE",
      "dependencies": {
        "tslib": "^2.4.1"
      }
    },
    "node_modules/@next/env": {
      "version": "14.2.32",
      "resolved": "https://registry.npmjs.org/@next/env/-/env-14.2.32.tgz",
      "integrity": "sha512-n9mQdigI6iZ/DF6pCTwMKeWgF2e8lg7qgt5M7HXMLtyhZYMnf/u905M18sSpPmHL9MKp9JHo56C6jrD2EvWxng==",
      "license": "MIT"
    },
    "node_modules/@next/swc-darwin-arm64": {
      "version": "14.2.32",
      "resolved": "https://registry.npmjs.org/@next/swc-darwin-arm64/-/swc-darwin-arm64-14.2.32.tgz",
      "integrity": "sha512-osHXveM70zC+ilfuFa/2W6a1XQxJTvEhzEycnjUaVE8kpUS09lDpiDDX2YLdyFCzoUbvbo5r0X1Kp4MllIOShw==",
      "cpu": [
        "arm64"
      ],
      "license": "MIT",
      "optional": true,
      "os": [
        "darwin"
      ],
      "engines": {
        "node": ">= 10"
      }
    },
    "node_modules/@next/swc-darwin-x64": {
      "version": "14.2.32",
      "resolved": "https://registry.npmjs.org/@next/swc-darwin-x64/-/swc-darwin-x64-14.2.32.tgz",
      "integrity": "sha512-P9NpCAJuOiaHHpqtrCNncjqtSBi1f6QUdHK/+dNabBIXB2RUFWL19TY1Hkhu74OvyNQEYEzzMJCMQk5agjw1Qg==",
      "cpu": [
        "x64"
      ],
      "license": "MIT",
      "optional": true,
      "os": [
        "darwin"
      ],
      "engines": {
        "node": ">= 10"
      }
    },
    "node_modules/@next/swc-linux-arm64-gnu": {
      "version": "14.2.32",
      "resolved": "https://registry.npmjs.org/@next/swc-linux-arm64-gnu/-/swc-linux-arm64-gnu-14.2.32.tgz",
      "integrity": "sha512-v7JaO0oXXt6d+cFjrrKqYnR2ubrD+JYP7nQVRZgeo5uNE5hkCpWnHmXm9vy3g6foMO8SPwL0P3MPw1c+BjbAzA==",
      "cpu": [
        "arm64"
      ],
      "license": "MIT",
      "optional": true,
      "os": [
        "linux"
      ],
      "engines": {
        "node": ">= 10"
      }
    },
    "node_modules/@next/swc-linux-arm64-musl": {
      "version": "14.2.32",
      "resolved": "https://registry.npmjs.org/@next/swc-linux-arm64-musl/-/swc-linux-arm64-musl-14.2.32.tgz",
      "integrity": "sha512-tA6sIKShXtSJBTH88i0DRd6I9n3ZTirmwpwAqH5zdJoQF7/wlJXR8DkPmKwYl5mFWhEKr5IIa3LfpMW9RRwKmQ==",
      "cpu": [
        "arm64"
      ],
      "license": "MIT",
      "optional": true,
      "os": [
        "linux"
      ],
      "engines": {
        "node": ">= 10"
      }
    },
    "node_modules/@next/swc-linux-x64-gnu": {
      "version": "14.2.32",
      "resolved": "https://registry.npmjs.org/@next/swc-linux-x64-gnu/-/swc-linux-x64-gnu-14.2.32.tgz",
      "integrity": "sha512-7S1GY4TdnlGVIdeXXKQdDkfDysoIVFMD0lJuVVMeb3eoVjrknQ0JNN7wFlhCvea0hEk0Sd4D1hedVChDKfV2jw==",
      "cpu": [
        "x64"
      ],
      "license": "MIT",
      "optional": true,
      "os": [
        "linux"
      ],
      "engines": {
        "node": ">= 10"
      }
    },
    "node_modules/@next/swc-linux-x64-musl": {
      "version": "14.2.32",
      "resolved": "https://registry.npmjs.org/@next/swc-linux-x64-musl/-/swc-linux-x64-musl-14.2.32.tgz",
      "integrity": "sha512-OHHC81P4tirVa6Awk6eCQ6RBfWl8HpFsZtfEkMpJ5GjPsJ3nhPe6wKAJUZ/piC8sszUkAgv3fLflgzPStIwfWg==",
      "cpu": [
        "x64"
      ],
      "license": "MIT",
      "optional": true,
      "os": [
        "linux"
      ],
      "engines": {
        "node": ">= 10"
      }
    },
    "node_modules/@next/swc-win32-arm64-msvc": {
      "version": "14.2.32",
      "resolved": "https://registry.npmjs.org/@next/swc-win32-arm64-msvc/-/swc-win32-arm64-msvc-14.2.32.tgz",
      "integrity": "sha512-rORQjXsAFeX6TLYJrCG5yoIDj+NKq31Rqwn8Wpn/bkPNy5rTHvOXkW8mLFonItS7QC6M+1JIIcLe+vOCTOYpvg==",
      "cpu": [
        "arm64"
      ],
      "license": "MIT",
      "optional": true,
      "os": [
        "win32"
      ],
      "engines": {
        "node": ">= 10"
      }
    },
    "node_modules/@next/swc-win32-ia32-msvc": {
      "version": "14.2.32",
      "resolved": "https://registry.npmjs.org/@next/swc-win32-ia32-msvc/-/swc-win32-ia32-msvc-14.2.32.tgz",
      "integrity": "sha512-jHUeDPVHrgFltqoAqDB6g6OStNnFxnc7Aks3p0KE0FbwAvRg6qWKYF5mSTdCTxA3axoSAUwxYdILzXJfUwlHhA==",
      "cpu": [
        "ia32"
      ],
      "license": "MIT",
      "optional": true,
      "os": [
        "win32"
      ],
      "engines": {
        "node": ">= 10"
      }
    },
    "node_modules/@next/swc-win32-x64-msvc": {
      "version": "14.2.32",
      "resolved": "https://registry.npmjs.org/@next/swc-win32-x64-msvc/-/swc-win32-x64-msvc-14.2.32.tgz",
      "integrity": "sha512-2N0lSoU4GjfLSO50wvKpMQgKd4HdI2UHEhQPPPnlgfBJlOgJxkjpkYBqzk08f1gItBB6xF/n+ykso2hgxuydsA==",
      "cpu": [
        "x64"
      ],
      "license": "MIT",
      "optional": true,
      "os": [
        "win32"
      ],
      "engines": {
        "node": ">= 10"
      }
    },
    "node_modules/@reduxjs/toolkit": {
      "version": "2.8.2",
      "resolved": "https://registry.npmjs.org/@reduxjs/toolkit/-/toolkit-2.8.2.tgz",
      "integrity": "sha512-MYlOhQ0sLdw4ud48FoC5w0dH9VfWQjtCjreKwYTT3l+r427qYC5Y8PihNutepr8XrNaBUDQo9khWUwQxZaqt5A==",
      "license": "MIT",
      "dependencies": {
        "@standard-schema/spec": "^1.0.0",
        "@standard-schema/utils": "^0.3.0",
        "immer": "^10.0.3",
        "redux": "^5.0.1",
        "redux-thunk": "^3.1.0",
        "reselect": "^5.1.0"
      },
      "peerDependencies": {
        "react": "^16.9.0 || ^17.0.0 || ^18 || ^19",
        "react-redux": "^7.2.1 || ^8.1.3 || ^9.0.0"
      },
      "peerDependenciesMeta": {
        "react": {
          "optional": true
        },
        "react-redux": {
          "optional": true
        }
      }
    },
    "node_modules/@standard-schema/spec": {
      "version": "1.0.0",
      "resolved": "https://registry.npmjs.org/@standard-schema/spec/-/spec-1.0.0.tgz",
      "integrity": "sha512-m2bOd0f2RT9k8QJx1JN85cZYyH1RqFBdlwtkSlf4tBDYLCiiZnv1fIIwacK6cqwXavOydf0NPToMQgpKq+dVlA==",
      "license": "MIT"
    },
    "node_modules/@standard-schema/utils": {
      "version": "0.3.0",
      "resolved": "https://registry.npmjs.org/@standard-schema/utils/-/utils-0.3.0.tgz",
      "integrity": "sha512-e7Mew686owMaPJVNNLs55PUvgz371nKgwsc4vxE49zsODpJEnxgxRo2y/OKrqueavXgZNMDVj3DdHFlaSAeU8g==",
      "license": "MIT"
    },
    "node_modules/@swc/counter": {
      "version": "0.1.3",
      "resolved": "https://registry.npmjs.org/@swc/counter/-/counter-0.1.3.tgz",
      "integrity": "sha512-e2BR4lsJkkRlKZ/qCHPw9ZaSxc0MVUd7gtbtaB7aMvHeJVYe8sOB8DBZkP2DtISHGSku9sCK6T6cnY0CtXrOCQ==",
      "license": "Apache-2.0"
    },
    "node_modules/@swc/helpers": {
      "version": "0.5.5",
      "resolved": "https://registry.npmjs.org/@swc/helpers/-/helpers-0.5.5.tgz",
      "integrity": "sha512-KGYxvIOXcceOAbEk4bi/dVLEK9z8sZ0uBB3Il5b1rhfClSpcX0yfRO0KmTkqR2cnQDymwLB+25ZyMzICg/cm/A==",
      "license": "Apache-2.0",
      "dependencies": {
        "@swc/counter": "^0.1.3",
        "tslib": "^2.4.0"
      }
    },
    "node_modules/@types/node": {
      "version": "20.11.5",
      "resolved": "https://registry.npmjs.org/@types/node/-/node-20.11.5.tgz",
      "integrity": "sha512-g557vgQjUUfN76MZAN/dt1z3dzcUsimuysco0KeluHgrPdJXkP/XdAURgyO2W9fZWHRtRBiVKzKn8vyOAwlG+w==",
      "dev": true,
      "dependencies": {
        "undici-types": "~5.26.4"
      }
    },
    "node_modules/@types/prop-types": {
      "version": "15.7.11",
      "resolved": "https://registry.npmjs.org/@types/prop-types/-/prop-types-15.7.11.tgz",
      "integrity": "sha512-ga8y9v9uyeiLdpKddhxYQkxNDrfvuPrlFb0N1qnZZByvcElJaXthF1UhvCh9TLWJBEHeNtdnbysW7Y6Uq8CVng=="
    },
    "node_modules/@types/react": {
      "version": "18.2.48",
      "resolved": "https://registry.npmjs.org/@types/react/-/react-18.2.48.tgz",
      "integrity": "sha512-qboRCl6Ie70DQQG9hhNREz81jqC1cs9EVNcjQ1AU+jH6NFfSAhVVbrrY/+nSF+Bsk4AOwm9Qa61InvMCyV+H3w==",
      "dependencies": {
        "@types/prop-types": "*",
        "@types/scheduler": "*",
        "csstype": "^3.0.2"
      }
    },
    "node_modules/@types/react-dom": {
      "version": "18.2.18",
      "resolved": "https://registry.npmjs.org/@types/react-dom/-/react-dom-18.2.18.tgz",
      "integrity": "sha512-TJxDm6OfAX2KJWJdMEVTwWke5Sc/E/RlnPGvGfS0W7+6ocy2xhDVQVh/KvC2Uf7kACs+gDytdusDSdWfWkaNzw==",
      "dev": true,
      "dependencies": {
        "@types/react": "*"
      }
    },
    "node_modules/@types/scheduler": {
      "version": "0.16.8",
      "resolved": "https://registry.npmjs.org/@types/scheduler/-/scheduler-0.16.8.tgz",
      "integrity": "sha512-WZLiwShhwLRmeV6zH+GkbOFT6Z6VklCItrDioxUnv+u4Ll+8vKeFySoFyK/0ctcRpOmwAicELfmys1sDc/Rw+A=="
    },
    "node_modules/busboy": {
      "version": "1.6.0",
      "resolved": "https://registry.npmjs.org/busboy/-/busboy-1.6.0.tgz",
      "integrity": "sha512-8SFQbg/0hQ9xy3UNTB0YEnsNBbWfhf7RtnzpL7TkBiTBRfrQ9Fxcnz7VJsleJpyp6rVLvXiuORqjlHi5q+PYuA==",
      "dependencies": {
        "streamsearch": "^1.1.0"
      },
      "engines": {
        "node": ">=10.16.0"
      }
    },
    "node_modules/caniuse-lite": {
      "version": "1.0.30001579",
      "resolved": "https://registry.npmjs.org/caniuse-lite/-/caniuse-lite-1.0.30001579.tgz",
      "integrity": "sha512-u5AUVkixruKHJjw/pj9wISlcMpgFWzSrczLZbrqBSxukQixmg0SJ5sZTpvaFvxU0HoQKd4yoyAogyrAz9pzJnA==",
      "funding": [
        {
          "type": "opencollective",
          "url": "https://opencollective.com/browserslist"
        },
        {
          "type": "tidelift",
          "url": "https://tidelift.com/funding/github/npm/caniuse-lite"
        },
        {
          "type": "github",
          "url": "https://github.com/sponsors/ai"
        }
      ]
    },
    "node_modules/client-only": {
      "version": "0.0.1",
      "resolved": "https://registry.npmjs.org/client-only/-/client-only-0.0.1.tgz",
      "integrity": "sha512-IV3Ou0jSMzZrd3pZ48nLkT9DA7Ag1pnPzaiQhpW7c3RbcqqzvzzVu+L8gfqMp/8IM2MQtSiqaCxrrcfu8I8rMA=="
    },
    "node_modules/csstype": {
      "version": "3.1.3",
      "resolved": "https://registry.npmjs.org/csstype/-/csstype-3.1.3.tgz",
      "integrity": "sha512-M1uQkMl8rQK/szD0LNhtqxIPLpimGm8sOBwU7lLnCpSbTyY3yeU1Vc7l4KT5zT4s/yOxHH5O7tIuuLOCnLADRw=="
    },
    "node_modules/graceful-fs": {
      "version": "4.2.11",
      "resolved": "https://registry.npmjs.org/graceful-fs/-/graceful-fs-4.2.11.tgz",
      "integrity": "sha512-RbJ5/jmFcNNCcDV5o9eTnBLJ/HszWV0P73bc+Ff4nS/rJj+YaS6IGyiOL0VoBYX+l1Wrl3k63h/KrH+nhJ0XvQ=="
    },
    "node_modules/immer": {
      "version": "10.1.1",
      "resolved": "https://registry.npmjs.org/immer/-/immer-10.1.1.tgz",
      "integrity": "sha512-s2MPrmjovJcoMaHtx6K11Ra7oD05NT97w1IC5zpMkT6Atjr7H8LjaDd81iIxUYpMKSRRNMJE703M1Fhr/TctHw==",
      "license": "MIT",
      "funding": {
        "type": "opencollective",
        "url": "https://opencollective.com/immer"
      }
    },
    "node_modules/js-cookie": {
      "version": "3.0.5",
      "resolved": "https://registry.npmjs.org/js-cookie/-/js-cookie-3.0.5.tgz",
      "integrity": "sha512-cEiJEAEoIbWfCZYKWhVwFuvPX1gETRYPw6LlaTKoxD3s2AkXzkCjnp6h0V77ozyqj0jakteJ4YqDJT830+lVGw==",
      "license": "MIT",
      "engines": {
        "node": ">=14"
      }
    },
    "node_modules/js-tokens": {
      "version": "4.0.0",
      "resolved": "https://registry.npmjs.org/js-tokens/-/js-tokens-4.0.0.tgz",
      "integrity": "sha512-RdJUflcE3cUzKiMqQgsCu06FPu9UdIJO0beYbPhHN4k6apgJtifcoCtT9bcxOpYBtpD2kCM6Sbzg4CausW/PKQ=="
    },
    "node_modules/jwt-decode": {
      "version": "4.0.0",
      "resolved": "https://registry.npmjs.org/jwt-decode/-/jwt-decode-4.0.0.tgz",
      "integrity": "sha512-+KJGIyHgkGuIq3IEBNftfhW/LfWhXUIY6OmyVWjliu5KH1y0fw7VQ8YndE2O4qZdMSd9SqbnC8GOcZEy0Om7sA==",
      "license": "MIT",
      "engines": {
        "node": ">=18"
      }
    },
    "node_modules/libphonenumber-js": {
      "version": "1.11.17",
      "resolved": "https://registry.npmjs.org/libphonenumber-js/-/libphonenumber-js-1.11.17.tgz",
      "integrity": "sha512-Jr6v8thd5qRlOlc6CslSTzGzzQW03uiscab7KHQZX1Dfo4R6n6FDhZ0Hri6/X7edLIDv9gl4VMZXhxTjLnl0VQ==",
      "license": "MIT"
    },
    "node_modules/loose-envify": {
      "version": "1.4.0",
      "resolved": "https://registry.npmjs.org/loose-envify/-/loose-envify-1.4.0.tgz",
      "integrity": "sha512-lyuxPGr/Wfhrlem2CL/UcnUc1zcqKAImBDzukY7Y5F/yQiNdko6+fRLevlw1HgMySw7f611UIY408EtxRSoK3Q==",
      "dependencies": {
        "js-tokens": "^3.0.0 || ^4.0.0"
      },
      "bin": {
        "loose-envify": "cli.js"
      }
    },
    "node_modules/nanoid": {
      "version": "3.3.7",
      "resolved": "https://registry.npmjs.org/nanoid/-/nanoid-3.3.7.tgz",
      "integrity": "sha512-eSRppjcPIatRIMC1U6UngP8XFcz8MQWGQdt1MTBQ7NaAmvXDfvNxbvWV3x2y6CdEUciCSsDHDQZbhYaB8QEo2g==",
      "funding": [
        {
          "type": "github",
          "url": "https://github.com/sponsors/ai"
        }
      ],
      "bin": {
        "nanoid": "bin/nanoid.cjs"
      },
      "engines": {
        "node": "^10 || ^12 || ^13.7 || ^14 || >=15.0.1"
      }
    },
    "node_modules/next": {
      "version": "14.2.32",
      "resolved": "https://registry.npmjs.org/next/-/next-14.2.32.tgz",
      "integrity": "sha512-fg5g0GZ7/nFc09X8wLe6pNSU8cLWbLRG3TZzPJ1BJvi2s9m7eF991se67wliM9kR5yLHRkyGKU49MMx58s3LJg==",
      "license": "MIT",
      "dependencies": {
        "@next/env": "14.2.32",
        "@swc/helpers": "0.5.5",
        "busboy": "1.6.0",
        "caniuse-lite": "^1.0.30001579",
        "graceful-fs": "^4.2.11",
        "postcss": "8.4.31",
        "styled-jsx": "5.1.1"
      },
      "bin": {
        "next": "dist/bin/next"
      },
      "engines": {
        "node": ">=18.17.0"
      },
      "optionalDependencies": {
        "@next/swc-darwin-arm64": "14.2.32",
        "@next/swc-darwin-x64": "14.2.32",
        "@next/swc-linux-arm64-gnu": "14.2.32",
        "@next/swc-linux-arm64-musl": "14.2.32",
        "@next/swc-linux-x64-gnu": "14.2.32",
        "@next/swc-linux-x64-musl": "14.2.32",
        "@next/swc-win32-arm64-msvc": "14.2.32",
        "@next/swc-win32-ia32-msvc": "14.2.32",
        "@next/swc-win32-x64-msvc": "14.2.32"
      },
      "peerDependencies": {
        "@opentelemetry/api": "^1.1.0",
        "@playwright/test": "^1.41.2",
        "react": "^18.2.0",
        "react-dom": "^18.2.0",
        "sass": "^1.3.0"
      },
      "peerDependenciesMeta": {
        "@opentelemetry/api": {
          "optional": true
        },
        "@playwright/test": {
          "optional": true
        },
        "sass": {
          "optional": true
        }
      }
    },
    "node_modules/picocolors": {
      "version": "1.0.0",
      "resolved": "https://registry.npmjs.org/picocolors/-/picocolors-1.0.0.tgz",
      "integrity": "sha512-1fygroTLlHu66zi26VoTDv8yRgm0Fccecssto+MhsZ0D/DGW2sm8E8AjW7NU5VVTRt5GxbeZ5qBuJr+HyLYkjQ=="
    },
    "node_modules/postcss": {
      "version": "8.4.31",
      "resolved": "https://registry.npmjs.org/postcss/-/postcss-8.4.31.tgz",
      "integrity": "sha512-PS08Iboia9mts/2ygV3eLpY5ghnUcfLV/EXTOW1E2qYxJKGGBUtNjN76FYHnMs36RmARn41bC0AZmn+rR0OVpQ==",
      "funding": [
        {
          "type": "opencollective",
          "url": "https://opencollective.com/postcss/"
        },
        {
          "type": "tidelift",
          "url": "https://tidelift.com/funding/github/npm/postcss"
        },
        {
          "type": "github",
          "url": "https://github.com/sponsors/ai"
        }
      ],
      "dependencies": {
        "nanoid": "^3.3.6",
        "picocolors": "^1.0.0",
        "source-map-js": "^1.0.2"
      },
      "engines": {
        "node": "^10 || ^12 || >=14"
      }
    },
    "node_modules/react": {
      "version": "18.2.0",
      "resolved": "https://registry.npmjs.org/react/-/react-18.2.0.tgz",
      "integrity": "sha512-/3IjMdb2L9QbBdWiW5e3P2/npwMBaU9mHCSCUzNln0ZCYbcfTsGbTJrU/kGemdH2IWmB2ioZ+zkxtmq6g09fGQ==",
      "dependencies": {
        "loose-envify": "^1.1.0"
      },
      "engines": {
        "node": ">=0.10.0"
      }
    },
    "node_modules/react-dom": {
      "version": "18.2.0",
      "resolved": "https://registry.npmjs.org/react-dom/-/react-dom-18.2.0.tgz",
      "integrity": "sha512-6IMTriUmvsjHUjNtEDudZfuDQUoWXVxKHhlEGSk81n4YFS+r/Kl99wXiwlVXtPBtJenozv2P+hxDsw9eA7Xo6g==",
      "dependencies": {
        "loose-envify": "^1.1.0",
        "scheduler": "^0.23.0"
      },
      "peerDependencies": {
        "react": "^18.2.0"
      }
    },
    "node_modules/redux": {
      "version": "5.0.1",
      "resolved": "https://registry.npmjs.org/redux/-/redux-5.0.1.tgz",
      "integrity": "sha512-M9/ELqF6fy8FwmkpnF0S3YKOqMyoWJ4+CS5Efg2ct3oY9daQvd/Pc71FpGZsVsbl3Cpb+IIcjBDUnnyBdQbq4w==",
      "license": "MIT"
    },
    "node_modules/redux-thunk": {
      "version": "3.1.0",
      "resolved": "https://registry.npmjs.org/redux-thunk/-/redux-thunk-3.1.0.tgz",
      "integrity": "sha512-NW2r5T6ksUKXCabzhL9z+h206HQw/NJkcLm1GPImRQ8IzfXwRGqjVhKJGauHirT0DAuyy6hjdnMZaRoAcy0Klw==",
      "license": "MIT",
      "peerDependencies": {
        "redux": "^5.0.0"
      }
    },
    "node_modules/reselect": {
      "version": "5.1.1",
      "resolved": "https://registry.npmjs.org/reselect/-/reselect-5.1.1.tgz",
      "integrity": "sha512-K/BG6eIky/SBpzfHZv/dd+9JBFiS4SWV7FIujVyJRux6e45+73RaUHXLmIR1f7WOMaQ0U1km6qwklRQxpJJY0w==",
      "license": "MIT"
    },
    "node_modules/scheduler": {
      "version": "0.23.0",
      "resolved": "https://registry.npmjs.org/scheduler/-/scheduler-0.23.0.tgz",
      "integrity": "sha512-CtuThmgHNg7zIZWAXi3AsyIzA3n4xx7aNyjwC2VJldO2LMVDhFK+63xGqq6CsJH4rTAt6/M+N4GhZiDYPx9eUw==",
      "dependencies": {
        "loose-envify": "^1.1.0"
      }
    },
    "node_modules/source-map-js": {
      "version": "1.0.2",
      "resolved": "https://registry.npmjs.org/source-map-js/-/source-map-js-1.0.2.tgz",
      "integrity": "sha512-R0XvVJ9WusLiqTCEiGCmICCMplcCkIwwR11mOSD9CR5u+IXYdiseeEuXCVAjS54zqwkLcPNnmU4OeJ6tUrWhDw==",
      "engines": {
        "node": ">=0.10.0"
      }
    },
    "node_modules/streamsearch": {
      "version": "1.1.0",
      "resolved": "https://registry.npmjs.org/streamsearch/-/streamsearch-1.1.0.tgz",
      "integrity": "sha512-Mcc5wHehp9aXz1ax6bZUyY5afg9u2rv5cqQI3mRrYkGC8rW2hM02jWuwjtL++LS5qinSyhj2QfLyNsuc+VsExg==",
      "engines": {
        "node": ">=10.0.0"
      }
    },
    "node_modules/styled-jsx": {
      "version": "5.1.1",
      "resolved": "https://registry.npmjs.org/styled-jsx/-/styled-jsx-5.1.1.tgz",
      "integrity": "sha512-pW7uC1l4mBZ8ugbiZrcIsiIvVx1UmTfw7UkC3Um2tmfUq9Bhk8IiyEIPl6F8agHgjzku6j0xQEZbfA5uSgSaCw==",
      "dependencies": {
        "client-only": "0.0.1"
      },
      "engines": {
        "node": ">= 12.0.0"
      },
      "peerDependencies": {
        "react": ">= 16.8.0 || 17.x.x || ^18.0.0-0"
      },
      "peerDependenciesMeta": {
        "@babel/core": {
          "optional": true
        },
        "babel-plugin-macros": {
          "optional": true
        }
      }
    },
    "node_modules/tslib": {
      "version": "2.8.1",
      "resolved": "https://registry.npmjs.org/tslib/-/tslib-2.8.1.tgz",
      "integrity": "sha512-oJFu94HQb+KVduSUQL7wnpmqnfmLsOA/nAh6b6EH0wCEoK0/mPeXU6c3wKDV83MkOuHPRHtSXKKU99IBazS/2w==",
      "license": "0BSD"
    },
    "node_modules/typescript": {
      "version": "5.3.3",
      "resolved": "https://registry.npmjs.org/typescript/-/typescript-5.3.3.tgz",
      "integrity": "sha512-pXWcraxM0uxAS+tN0AG/BF2TyqmHO014Z070UsJ+pFvYuRSq8KH8DmWpnbXe0pEPDHXZV3FcAbJkijJ5oNEnWw==",
      "dev": true,
      "bin": {
        "tsc": "bin/tsc",
        "tsserver": "bin/tsserver"
      },
      "engines": {
        "node": ">=14.17"
      }
    },
    "node_modules/undici-types": {
      "version": "5.26.5",
      "resolved": "https://registry.npmjs.org/undici-types/-/undici-types-5.26.5.tgz",
      "integrity": "sha512-JlCMO+ehdEIKqlFxk6IfVoAUVmgz7cU7zD/h9XZ0qzeosSHmUJVOzSQvvYSYWXkFXC+IfLKSIffhv0sVZup6pA==",
      "dev": true
    }
  }
}
